// !$*UTF8*$!
{
	archiveVersion = 1;
	classes = {
	};
	objectVersion = 50;
	objects = {

/* Begin PBXBuildFile section */
		113FBCA024FDE677007C9FC2 /* CoreLocationController.m in Sources */ = {isa = PBXBuildFile; fileRef = 113FBC9F24FDE677007C9FC2 /* CoreLocationController.m */; };
		11AC441B24209D6500421DC3 /* AppDelegate.m in Sources */ = {isa = PBXBuildFile; fileRef = 11AC441A24209D6500421DC3 /* AppDelegate.m */; };
		11AC442124209D6500421DC3 /* ViewController.m in Sources */ = {isa = PBXBuildFile; fileRef = 11AC442024209D6500421DC3 /* ViewController.m */; };
		11AC442724209D6500421DC3 /* JMMap.xcdatamodeld in Sources */ = {isa = PBXBuildFile; fileRef = 11AC442524209D6500421DC3 /* JMMap.xcdatamodeld */; };
		11AC442924209D6700421DC3 /* Assets.xcassets in Resources */ = {isa = PBXBuildFile; fileRef = 11AC442824209D6700421DC3 /* Assets.xcassets */; };
		11AC442C24209D6700421DC3 /* LaunchScreen.storyboard in Resources */ = {isa = PBXBuildFile; fileRef = 11AC442A24209D6700421DC3 /* LaunchScreen.storyboard */; };
		11AC442F24209D6700421DC3 /* main.m in Sources */ = {isa = PBXBuildFile; fileRef = 11AC442E24209D6700421DC3 /* main.m */; };
		11AC443924209D6700421DC3 /* JMMapTests.m in Sources */ = {isa = PBXBuildFile; fileRef = 11AC443824209D6700421DC3 /* JMMapTests.m */; };
		11AC444424209D6700421DC3 /* JMMapUITests.m in Sources */ = {isa = PBXBuildFile; fileRef = 11AC444324209D6700421DC3 /* JMMapUITests.m */; };
		11AC44542420A43A00421DC3 /* MapKit.framework in Frameworks */ = {isa = PBXBuildFile; fileRef = 11AC44532420A43A00421DC3 /* MapKit.framework */; };
		11AC44582420AF0C00421DC3 /* JMLocationManager.m in Sources */ = {isa = PBXBuildFile; fileRef = 11AC44572420AF0C00421DC3 /* JMLocationManager.m */; };
/* End PBXBuildFile section */

/* Begin PBXContainerItemProxy section */
		11AC443524209D6700421DC3 /* PBXContainerItemProxy */ = {
			isa = PBXContainerItemProxy;
			containerPortal = 11AC440E24209D6500421DC3 /* Project object */;
			proxyType = 1;
			remoteGlobalIDString = 11AC441524209D6500421DC3;
			remoteInfo = JMMap;
		};
		11AC444024209D6700421DC3 /* PBXContainerItemProxy */ = {
			isa = PBXContainerItemProxy;
			containerPortal = 11AC440E24209D6500421DC3 /* Project object */;
			proxyType = 1;
			remoteGlobalIDString = 11AC441524209D6500421DC3;
			remoteInfo = JMMap;
		};
/* End PBXContainerItemProxy section */

/* Begin PBXFileReference section */
		113FBC9E24FDE677007C9FC2 /* CoreLocationController.h */ = {isa = PBXFileReference; lastKnownFileType = sourcecode.c.h; path = CoreLocationController.h; sourceTree = "<group>"; };
		113FBC9F24FDE677007C9FC2 /* CoreLocationController.m */ = {isa = PBXFileReference; lastKnownFileType = sourcecode.c.objc; path = CoreLocationController.m; sourceTree = "<group>"; };
		11AC441624209D6500421DC3 /* JMMap.app */ = {isa = PBXFileReference; explicitFileType = wrapper.application; includeInIndex = 0; path = JMMap.app; sourceTree = BUILT_PRODUCTS_DIR; };
		11AC441924209D6500421DC3 /* AppDelegate.h */ = {isa = PBXFileReference; lastKnownFileType = sourcecode.c.h; path = AppDelegate.h; sourceTree = "<group>"; };
		11AC441A24209D6500421DC3 /* AppDelegate.m */ = {isa = PBXFileReference; lastKnownFileType = sourcecode.c.objc; path = AppDelegate.m; sourceTree = "<group>"; };
		11AC441F24209D6500421DC3 /* ViewController.h */ = {isa = PBXFileReference; lastKnownFileType = sourcecode.c.h; path = ViewController.h; sourceTree = "<group>"; };
		11AC442024209D6500421DC3 /* ViewController.m */ = {isa = PBXFileReference; lastKnownFileType = sourcecode.c.objc; path = ViewController.m; sourceTree = "<group>"; };
		11AC442624209D6500421DC3 /* JMMap.xcdatamodel */ = {isa = PBXFileReference; lastKnownFileType = wrapper.xcdatamodel; path = JMMap.xcdatamodel; sourceTree = "<group>"; };
		11AC442824209D6700421DC3 /* Assets.xcassets */ = {isa = PBXFileReference; lastKnownFileType = folder.assetcatalog; path = Assets.xcassets; sourceTree = "<group>"; };
		11AC442B24209D6700421DC3 /* Base */ = {isa = PBXFileReference; lastKnownFileType = file.storyboard; name = Base; path = Base.lproj/LaunchScreen.storyboard; sourceTree = "<group>"; };
		11AC442D24209D6700421DC3 /* Info.plist */ = {isa = PBXFileReference; lastKnownFileType = text.plist.xml; path = Info.plist; sourceTree = "<group>"; };
		11AC442E24209D6700421DC3 /* main.m */ = {isa = PBXFileReference; lastKnownFileType = sourcecode.c.objc; path = main.m; sourceTree = "<group>"; };
		11AC443424209D6700421DC3 /* JMMapTests.xctest */ = {isa = PBXFileReference; explicitFileType = wrapper.cfbundle; includeInIndex = 0; path = JMMapTests.xctest; sourceTree = BUILT_PRODUCTS_DIR; };
		11AC443824209D6700421DC3 /* JMMapTests.m */ = {isa = PBXFileReference; lastKnownFileType = sourcecode.c.objc; path = JMMapTests.m; sourceTree = "<group>"; };
		11AC443A24209D6700421DC3 /* Info.plist */ = {isa = PBXFileReference; lastKnownFileType = text.plist.xml; path = Info.plist; sourceTree = "<group>"; };
		11AC443F24209D6700421DC3 /* JMMapUITests.xctest */ = {isa = PBXFileReference; explicitFileType = wrapper.cfbundle; includeInIndex = 0; path = JMMapUITests.xctest; sourceTree = BUILT_PRODUCTS_DIR; };
		11AC444324209D6700421DC3 /* JMMapUITests.m */ = {isa = PBXFileReference; lastKnownFileType = sourcecode.c.objc; path = JMMapUITests.m; sourceTree = "<group>"; };
		11AC444524209D6700421DC3 /* Info.plist */ = {isa = PBXFileReference; lastKnownFileType = text.plist.xml; path = Info.plist; sourceTree = "<group>"; };
		11AC445124209E1B00421DC3 /* PrefixHeader.pch */ = {isa = PBXFileReference; lastKnownFileType = sourcecode.c.h; path = PrefixHeader.pch; sourceTree = "<group>"; };
		11AC44532420A43A00421DC3 /* MapKit.framework */ = {isa = PBXFileReference; lastKnownFileType = wrapper.framework; name = MapKit.framework; path = System/Library/Frameworks/MapKit.framework; sourceTree = SDKROOT; };
		11AC44562420AF0C00421DC3 /* JMLocationManager.h */ = {isa = PBXFileReference; lastKnownFileType = sourcecode.c.h; path = JMLocationManager.h; sourceTree = "<group>"; };
		11AC44572420AF0C00421DC3 /* JMLocationManager.m */ = {isa = PBXFileReference; lastKnownFileType = sourcecode.c.objc; path = JMLocationManager.m; sourceTree = "<group>"; };
/* End PBXFileReference section */

/* Begin PBXFrameworksBuildPhase section */
		11AC441324209D6500421DC3 /* Frameworks */ = {
			isa = PBXFrameworksBuildPhase;
			buildActionMask = 2147483647;
			files = (
				11AC44542420A43A00421DC3 /* MapKit.framework in Frameworks */,
			);
			runOnlyForDeploymentPostprocessing = 0;
		};
		11AC443124209D6700421DC3 /* Frameworks */ = {
			isa = PBXFrameworksBuildPhase;
			buildActionMask = 2147483647;
			files = (
			);
			runOnlyForDeploymentPostprocessing = 0;
		};
		11AC443C24209D6700421DC3 /* Frameworks */ = {
			isa = PBXFrameworksBuildPhase;
			buildActionMask = 2147483647;
			files = (
			);
			runOnlyForDeploymentPostprocessing = 0;
		};
/* End PBXFrameworksBuildPhase section */

/* Begin PBXGroup section */
		113FBCA224FDF4B7007C9FC2 /* Location */ = {
			isa = PBXGroup;
			children = (
				113FBC9E24FDE677007C9FC2 /* CoreLocationController.h */,
				113FBC9F24FDE677007C9FC2 /* CoreLocationController.m */,
			);
			path = Location;
			sourceTree = "<group>";
		};
		11AC440D24209D6500421DC3 = {
			isa = PBXGroup;
			children = (
				11AC441824209D6500421DC3 /* JMMap */,
				11AC443724209D6700421DC3 /* JMMapTests */,
				11AC444224209D6700421DC3 /* JMMapUITests */,
				11AC441724209D6500421DC3 /* Products */,
				11AC44522420A43A00421DC3 /* Frameworks */,
			);
			sourceTree = "<group>";
		};
		11AC441724209D6500421DC3 /* Products */ = {
			isa = PBXGroup;
			children = (
				11AC441624209D6500421DC3 /* JMMap.app */,
				11AC443424209D6700421DC3 /* JMMapTests.xctest */,
				11AC443F24209D6700421DC3 /* JMMapUITests.xctest */,
			);
			name = Products;
			sourceTree = "<group>";
		};
		11AC441824209D6500421DC3 /* JMMap */ = {
			isa = PBXGroup;
			children = (
				113FBCA224FDF4B7007C9FC2 /* Location */,
				11AC44552420AEF000421DC3 /* Map */,
				11AC441924209D6500421DC3 /* AppDelegate.h */,
				11AC441A24209D6500421DC3 /* AppDelegate.m */,
				11AC441F24209D6500421DC3 /* ViewController.h */,
				11AC442024209D6500421DC3 /* ViewController.m */,
				11AC442824209D6700421DC3 /* Assets.xcassets */,
				11AC442A24209D6700421DC3 /* LaunchScreen.storyboard */,
				11AC442D24209D6700421DC3 /* Info.plist */,
				11AC442E24209D6700421DC3 /* main.m */,
				11AC442524209D6500421DC3 /* JMMap.xcdatamodeld */,
				11AC445124209E1B00421DC3 /* PrefixHeader.pch */,
			);
			path = JMMap;
			sourceTree = "<group>";
		};
		11AC443724209D6700421DC3 /* JMMapTests */ = {
			isa = PBXGroup;
			children = (
				11AC443824209D6700421DC3 /* JMMapTests.m */,
				11AC443A24209D6700421DC3 /* Info.plist */,
			);
			path = JMMapTests;
			sourceTree = "<group>";
		};
		11AC444224209D6700421DC3 /* JMMapUITests */ = {
			isa = PBXGroup;
			children = (
				11AC444324209D6700421DC3 /* JMMapUITests.m */,
				11AC444524209D6700421DC3 /* Info.plist */,
			);
			path = JMMapUITests;
			sourceTree = "<group>";
		};
		11AC44522420A43A00421DC3 /* Frameworks */ = {
			isa = PBXGroup;
			children = (
				11AC44532420A43A00421DC3 /* MapKit.framework */,
			);
			name = Frameworks;
			sourceTree = "<group>";
		};
		11AC44552420AEF000421DC3 /* Map */ = {
			isa = PBXGroup;
			children = (
				11AC44562420AF0C00421DC3 /* JMLocationManager.h */,
				11AC44572420AF0C00421DC3 /* JMLocationManager.m */,
			);
			path = Map;
			sourceTree = "<group>";
		};
/* End PBXGroup section */

/* Begin PBXNativeTarget section */
		11AC441524209D6500421DC3 /* JMMap */ = {
			isa = PBXNativeTarget;
			buildConfigurationList = 11AC444824209D6700421DC3 /* Build configuration list for PBXNativeTarget "JMMap" */;
			buildPhases = (
				11AC441224209D6500421DC3 /* Sources */,
				11AC441324209D6500421DC3 /* Frameworks */,
				11AC441424209D6500421DC3 /* Resources */,
			);
			buildRules = (
			);
			dependencies = (
			);
			name = JMMap;
			productName = JMMap;
			productReference = 11AC441624209D6500421DC3 /* JMMap.app */;
			productType = "com.apple.product-type.application";
		};
		11AC443324209D6700421DC3 /* JMMapTests */ = {
			isa = PBXNativeTarget;
			buildConfigurationList = 11AC444B24209D6800421DC3 /* Build configuration list for PBXNativeTarget "JMMapTests" */;
			buildPhases = (
				11AC443024209D6700421DC3 /* Sources */,
				11AC443124209D6700421DC3 /* Frameworks */,
				11AC443224209D6700421DC3 /* Resources */,
			);
			buildRules = (
			);
			dependencies = (
				11AC443624209D6700421DC3 /* PBXTargetDependency */,
			);
			name = JMMapTests;
			productName = JMMapTests;
			productReference = 11AC443424209D6700421DC3 /* JMMapTests.xctest */;
			productType = "com.apple.product-type.bundle.unit-test";
		};
		11AC443E24209D6700421DC3 /* JMMapUITests */ = {
			isa = PBXNativeTarget;
			buildConfigurationList = 11AC444E24209D6800421DC3 /* Build configuration list for PBXNativeTarget "JMMapUITests" */;
			buildPhases = (
				11AC443B24209D6700421DC3 /* Sources */,
				11AC443C24209D6700421DC3 /* Frameworks */,
				11AC443D24209D6700421DC3 /* Resources */,
			);
			buildRules = (
			);
			dependencies = (
				11AC444124209D6700421DC3 /* PBXTargetDependency */,
			);
			name = JMMapUITests;
			productName = JMMapUITests;
			productReference = 11AC443F24209D6700421DC3 /* JMMapUITests.xctest */;
			productType = "com.apple.product-type.bundle.ui-testing";
		};
/* End PBXNativeTarget section */

/* Begin PBXProject section */
		11AC440E24209D6500421DC3 /* Project object */ = {
			isa = PBXProject;
			attributes = {
				LastUpgradeCheck = 1130;
				ORGANIZATIONNAME = "tiger fly";
				TargetAttributes = {
					11AC441524209D6500421DC3 = {
						CreatedOnToolsVersion = 11.3.1;
					};
					11AC443324209D6700421DC3 = {
						CreatedOnToolsVersion = 11.3.1;
						TestTargetID = 11AC441524209D6500421DC3;
					};
					11AC443E24209D6700421DC3 = {
						CreatedOnToolsVersion = 11.3.1;
						TestTargetID = 11AC441524209D6500421DC3;
					};
				};
			};
			buildConfigurationList = 11AC441124209D6500421DC3 /* Build configuration list for PBXProject "JMMap" */;
			compatibilityVersion = "Xcode 9.3";
			developmentRegion = en;
			hasScannedForEncodings = 0;
			knownRegions = (
				en,
				Base,
			);
			mainGroup = 11AC440D24209D6500421DC3;
			productRefGroup = 11AC441724209D6500421DC3 /* Products */;
			projectDirPath = "";
			projectRoot = "";
			targets = (
				11AC441524209D6500421DC3 /* JMMap */,
				11AC443324209D6700421DC3 /* JMMapTests */,
				11AC443E24209D6700421DC3 /* JMMapUITests */,
			);
		};
/* End PBXProject section */

/* Begin PBXResourcesBuildPhase section */
		11AC441424209D6500421DC3 /* Resources */ = {
			isa = PBXResourcesBuildPhase;
			buildActionMask = 2147483647;
			files = (
				11AC442C24209D6700421DC3 /* LaunchScreen.storyboard in Resources */,
				11AC442924209D6700421DC3 /* Assets.xcassets in Resources */,
			);
			runOnlyForDeploymentPostprocessing = 0;
		};
		11AC443224209D6700421DC3 /* Resources */ = {
			isa = PBXResourcesBuildPhase;
			buildActionMask = 2147483647;
			files = (
			);
			runOnlyForDeploymentPostprocessing = 0;
		};
		11AC443D24209D6700421DC3 /* Resources */ = {
			isa = PBXResourcesBuildPhase;
			buildActionMask = 2147483647;
			files = (
			);
			runOnlyForDeploymentPostprocessing = 0;
		};
/* End PBXResourcesBuildPhase section */

/* Begin PBXSourcesBuildPhase section */
		11AC441224209D6500421DC3 /* Sources */ = {
			isa = PBXSourcesBuildPhase;
			buildActionMask = 2147483647;
			files = (
				11AC442F24209D6700421DC3 /* main.m in Sources */,
				11AC44582420AF0C00421DC3 /* JMLocationManager.m in Sources */,
				11AC442124209D6500421DC3 /* ViewController.m in Sources */,
				113FBCA024FDE677007C9FC2 /* CoreLocationController.m in Sources */,
				11AC441B24209D6500421DC3 /* AppDelegate.m in Sources */,
				11AC442724209D6500421DC3 /* JMMap.xcdatamodeld in Sources */,
			);
			runOnlyForDeploymentPostprocessing = 0;
		};
		11AC443024209D6700421DC3 /* Sources */ = {
			isa = PBXSourcesBuildPhase;
			buildActionMask = 2147483647;
			files = (
				11AC443924209D6700421DC3 /* JMMapTests.m in Sources */,
			);
			runOnlyForDeploymentPostprocessing = 0;
		};
		11AC443B24209D6700421DC3 /* Sources */ = {
			isa = PBXSourcesBuildPhase;
			buildActionMask = 2147483647;
			files = (
				11AC444424209D6700421DC3 /* JMMapUITests.m in Sources */,
			);
			runOnlyForDeploymentPostprocessing = 0;
		};
/* End PBXSourcesBuildPhase section */

/* Begin PBXTargetDependency section */
		11AC443624209D6700421DC3 /* PBXTargetDependency */ = {
			isa = PBXTargetDependency;
			target = 11AC441524209D6500421DC3 /* JMMap */;
			targetProxy = 11AC443524209D6700421DC3 /* PBXContainerItemProxy */;
		};
		11AC444124209D6700421DC3 /* PBXTargetDependency */ = {
			isa = PBXTargetDependency;
			target = 11AC441524209D6500421DC3 /* JMMap */;
			targetProxy = 11AC444024209D6700421DC3 /* PBXContainerItemProxy */;
		};
/* End PBXTargetDependency section */

/* Begin PBXVariantGroup section */
		11AC442A24209D6700421DC3 /* LaunchScreen.storyboard */ = {
			isa = PBXVariantGroup;
			children = (
				11AC442B24209D6700421DC3 /* Base */,
			);
			name = LaunchScreen.storyboard;
			sourceTree = "<group>";
		};
/* End PBXVariantGroup section */

/* Begin XCBuildConfiguration section */
		11AC444624209D6700421DC3 /* Debug */ = {
			isa = XCBuildConfiguration;
			buildSettings = {
				ALWAYS_SEARCH_USER_PATHS = NO;
				CLANG_ANALYZER_NONNULL = YES;
				CLANG_ANALYZER_NUMBER_OBJECT_CONVERSION = YES_AGGRESSIVE;
				CLANG_CXX_LANGUAGE_STANDARD = "gnu++14";
				CLANG_CXX_LIBRARY = "libc++";
				CLANG_ENABLE_MODULES = YES;
				CLANG_ENABLE_OBJC_ARC = YES;
				CLANG_ENABLE_OBJC_WEAK = YES;
				CLANG_WARN_BLOCK_CAPTURE_AUTORELEASING = YES;
				CLANG_WARN_BOOL_CONVERSION = YES;
				CLANG_WARN_COMMA = YES;
				CLANG_WARN_CONSTANT_CONVERSION = YES;
				CLANG_WARN_DEPRECATED_OBJC_IMPLEMENTATIONS = YES;
				CLANG_WARN_DIRECT_OBJC_ISA_USAGE = YES_ERROR;
				CLANG_WARN_DOCUMENTATION_COMMENTS = YES;
				CLANG_WARN_EMPTY_BODY = YES;
				CLANG_WARN_ENUM_CONVERSION = YES;
				CLANG_WARN_INFINITE_RECURSION = YES;
				CLANG_WARN_INT_CONVERSION = YES;
				CLANG_WARN_NON_LITERAL_NULL_CONVERSION = YES;
				CLANG_WARN_OBJC_IMPLICIT_RETAIN_SELF = YES;
				CLANG_WARN_OBJC_LITERAL_CONVERSION = YES;
				CLANG_WARN_OBJC_ROOT_CLASS = YES_ERROR;
				CLANG_WARN_RANGE_LOOP_ANALYSIS = YES;
				CLANG_WARN_STRICT_PROTOTYPES = YES;
				CLANG_WARN_SUSPICIOUS_MOVE = YES;
				CLANG_WARN_UNGUARDED_AVAILABILITY = YES_AGGRESSIVE;
				CLANG_WARN_UNREACHABLE_CODE = YES;
				CLANG_WARN__DUPLICATE_METHOD_MATCH = YES;
				COPY_PHASE_STRIP = NO;
				DEBUG_INFORMATION_FORMAT = dwarf;
				ENABLE_STRICT_OBJC_MSGSEND = YES;
				ENABLE_TESTABILITY = YES;
				GCC_C_LANGUAGE_STANDARD = gnu11;
				GCC_DYNAMIC_NO_PIC = NO;
				GCC_NO_COMMON_BLOCKS = YES;
				GCC_OPTIMIZATION_LEVEL = 0;
				GCC_PREPROCESSOR_DEFINITIONS = (
					"DEBUG=1",
					"$(inherited)",
				);
				GCC_WARN_64_TO_32_BIT_CONVERSION = YES;
				GCC_WARN_ABOUT_RETURN_TYPE = YES_ERROR;
				GCC_WARN_UNDECLARED_SELECTOR = YES;
				GCC_WARN_UNINITIALIZED_AUTOS = YES_AGGRESSIVE;
				GCC_WARN_UNUSED_FUNCTION = YES;
				GCC_WARN_UNUSED_VARIABLE = YES;
				IPHONEOS_DEPLOYMENT_TARGET = 13.2;
				MTL_ENABLE_DEBUG_INFO = INCLUDE_SOURCE;
				MTL_FAST_MATH = YES;
				ONLY_ACTIVE_ARCH = YES;
				SDKROOT = iphoneos;
			};
			name = Debug;
		};
		11AC444724209D6700421DC3 /* Release */ = {
			isa = XCBuildConfiguration;
			buildSettings = {
				ALWAYS_SEARCH_USER_PATHS = NO;
				CLANG_ANALYZER_NONNULL = YES;
				CLANG_ANALYZER_NUMBER_OBJECT_CONVERSION = YES_AGGRESSIVE;
				CLANG_CXX_LANGUAGE_STANDARD = "gnu++14";
				CLANG_CXX_LIBRARY = "libc++";
				CLANG_ENABLE_MODULES = YES;
				CLANG_ENABLE_OBJC_ARC = YES;
				CLANG_ENABLE_OBJC_WEAK = YES;
				CLANG_WARN_BLOCK_CAPTURE_AUTORELEASING = YES;
				CLANG_WARN_BOOL_CONVERSION = YES;
				CLANG_WARN_COMMA = YES;
				CLANG_WARN_CONSTANT_CONVERSION = YES;
				CLANG_WARN_DEPRECATED_OBJC_IMPLEMENTATIONS = YES;
				CLANG_WARN_DIRECT_OBJC_ISA_USAGE = YES_ERROR;
				CLANG_WARN_DOCUMENTATION_COMMENTS = YES;
				CLANG_WARN_EMPTY_BODY = YES;
				CLANG_WARN_ENUM_CONVERSION = YES;
				CLANG_WARN_INFINITE_RECURSION = YES;
				CLANG_WARN_INT_CONVERSION = YES;
				CLANG_WARN_NON_LITERAL_NULL_CONVERSION = YES;
				CLANG_WARN_OBJC_IMPLICIT_RETAIN_SELF = YES;
				CLANG_WARN_OBJC_LITERAL_CONVERSION = YES;
				CLANG_WARN_OBJC_ROOT_CLASS = YES_ERROR;
				CLANG_WARN_RANGE_LOOP_ANALYSIS = YES;
				CLANG_WARN_STRICT_PROTOTYPES = YES;
				CLANG_WARN_SUSPICIOUS_MOVE = YES;
				CLANG_WARN_UNGUARDED_AVAILABILITY = YES_AGGRESSIVE;
				CLANG_WARN_UNREACHABLE_CODE = YES;
				CLANG_WARN__DUPLICATE_METHOD_MATCH = YES;
				COPY_PHASE_STRIP = NO;
				DEBUG_INFORMATION_FORMAT = "dwarf-with-dsym";
				ENABLE_NS_ASSERTIONS = NO;
				ENABLE_STRICT_OBJC_MSGSEND = YES;
				GCC_C_LANGUAGE_STANDARD = gnu11;
				GCC_NO_COMMON_BLOCKS = YES;
				GCC_WARN_64_TO_32_BIT_CONVERSION = YES;
				GCC_WARN_ABOUT_RETURN_TYPE = YES_ERROR;
				GCC_WARN_UNDECLARED_SELECTOR = YES;
				GCC_WARN_UNINITIALIZED_AUTOS = YES_AGGRESSIVE;
				GCC_WARN_UNUSED_FUNCTION = YES;
				GCC_WARN_UNUSED_VARIABLE = YES;
				IPHONEOS_DEPLOYMENT_TARGET = 13.2;
				MTL_ENABLE_DEBUG_INFO = NO;
				MTL_FAST_MATH = YES;
				SDKROOT = iphoneos;
				VALIDATE_PRODUCT = YES;
			};
			name = Release;
		};
		11AC444924209D6700421DC3 /* Debug */ = {
			isa = XCBuildConfiguration;
			buildSettings = {
				ASSETCATALOG_COMPILER_APPICON_NAME = AppIcon;
				CODE_SIGN_STYLE = Automatic;
				DEVELOPMENT_TEAM = 962BW6QCNQ;
				GCC_PREFIX_HEADER = "$(SRCROOT)/JMMap/PrefixHeader.pch";
				INFOPLIST_FILE = JMMap/Info.plist;
				LD_RUNPATH_SEARCH_PATHS = (
					"$(inherited)",
					"@executable_path/Frameworks",
				);
				PRODUCT_BUNDLE_IDENTIFIER = com.fxw.JMMap;
				PRODUCT_NAME = "$(TARGET_NAME)";
				TARGETED_DEVICE_FAMILY = "1,2";
			};
			name = Debug;
		};
		11AC444A24209D6700421DC3 /* Release */ = {
			isa = XCBuildConfiguration;
			buildSettings = {
				ASSETCATALOG_COMPILER_APPICON_NAME = AppIcon;
				CODE_SIGN_STYLE = Automatic;
				DEVELOPMENT_TEAM = 962BW6QCNQ;
				GCC_PREFIX_HEADER = "$(SRCROOT)/JMMap/PrefixHeader.pch";
				INFOPLIST_FILE = JMMap/Info.plist;
				LD_RUNPATH_SEARCH_PATHS = (
					"$(inherited)",
					"@executable_path/Frameworks",
				);
				PRODUCT_BUNDLE_IDENTIFIER = com.fxw.JMMap;
				PRODUCT_NAME = "$(TARGET_NAME)";
				TARGETED_DEVICE_FAMILY = "1,2";
			};
			name = Release;
		};
		11AC444C24209D6800421DC3 /* Debug */ = {
			isa = XCBuildConfiguration;
			buildSettings = {
				BUNDLE_LOADER = "$(TEST_HOST)";
				CODE_SIGN_STYLE = Automatic;
				DEVELOPMENT_TEAM = 962BW6QCNQ;
				INFOPLIST_FILE = JMMapTests/Info.plist;
				IPHONEOS_DEPLOYMENT_TARGET = 13.2;
				LD_RUNPATH_SEARCH_PATHS = (
					"$(inherited)",
					"@executable_path/Frameworks",
					"@loader_path/Frameworks",
				);
				PRODUCT_BUNDLE_IDENTIFIER = com.fxw.JMMapTests;
				PRODUCT_NAME = "$(TARGET_NAME)";
				TARGETED_DEVICE_FAMILY = "1,2";
				TEST_HOST = "$(BUILT_PRODUCTS_DIR)/JMMap.app/JMMap";
			};
			name = Debug;
		};
		11AC444D24209D6800421DC3 /* Release */ = {
			isa = XCBuildConfiguration;
			buildSettings = {
				BUNDLE_LOADER = "$(TEST_HOST)";
				CODE_SIGN_STYLE = Automatic;
				DEVELOPMENT_TEAM = 962BW6QCNQ;
				INFOPLIST_FILE = JMMapTests/Info.plist;
				IPHONEOS_DEPLOYMENT_TARGET = 13.2;
				LD_RUNPATH_SEARCH_PATHS = (
					"$(inherited)",
					"@executable_path/Frameworks",
					"@loader_path/Frameworks",
				);
				PRODUCT_BUNDLE_IDENTIFIER = com.fxw.JMMapTests;
				PRODUCT_NAME = "$(TARGET_NAME)";
				TARGETED_DEVICE_FAMILY = "1,2";
				TEST_HOST = "$(BUILT_PRODUCTS_DIR)/JMMap.app/JMMap";
			};
			name = Release;
		};
		11AC444F24209D6800421DC3 /* Debug */ = {
			isa = XCBuildConfiguration;
			buildSettings = {
				CODE_SIGN_STYLE = Automatic;
				DEVELOPMENT_TEAM = 962BW6QCNQ;
				INFOPLIST_FILE = JMMapUITests/Info.plist;
				LD_RUNPATH_SEARCH_PATHS = (
					"$(inherited)",
					"@executable_path/Frameworks",
					"@loader_path/Frameworks",
				);
				PRODUCT_BUNDLE_IDENTIFIER = com.fxw.JMMapUITests;
				PRODUCT_NAME = "$(TARGET_NAME)";
				TARGETED_DEVICE_FAMILY = "1,2";
				TEST_TARGET_NAME = JMMap;
			};
			name = Debug;
		};
		11AC445024209D6800421DC3 /* Release */ = {
			isa = XCBuildConfiguration;
			buildSettings = {
				CODE_SIGN_STYLE = Automatic;
				DEVELOPMENT_TEAM = 962BW6QCNQ;
				INFOPLIST_FILE = JMMapUITests/Info.plist;
				LD_RUNPATH_SEARCH_PATHS = (
					"$(inherited)",
					"@executable_path/Frameworks",
					"@loader_path/Frameworks",
				);
				PRODUCT_BUNDLE_IDENTIFIER = com.fxw.JMMapUITests;
				PRODUCT_NAME = "$(TARGET_NAME)";
				TARGETED_DEVICE_FAMILY = "1,2";
				TEST_TARGET_NAME = JMMap;
			};
			name = Release;
		};
/* End XCBuildConfiguration section */

/* Begin XCConfigurationList section */
		11AC441124209D6500421DC3 /* Build configuration list for PBXProject "JMMap" */ = {
			isa = XCConfigurationList;
			buildConfigurations = (
				11AC444624209D6700421DC3 /* Debug */,
				11AC444724209D6700421DC3 /* Release */,
			);
			defaultConfigurationIsVisible = 0;
			defaultConfigurationName = Release;
		};
		11AC444824209D6700421DC3 /* Build configuration list for PBXNativeTarget "JMMap" */ = {
			isa = XCConfigurationList;
			buildConfigurations = (
				11AC444924209D6700421DC3 /* Debug */,
				11AC444A24209D6700421DC3 /* Release */,
			);
			defaultConfigurationIsVisible = 0;
			defaultConfigurationName = Release;
		};
		11AC444B24209D6800421DC3 /* Build configuration list for PBXNativeTarget "JMMapTests" */ = {
			isa = XCConfigurationList;
			buildConfigurations = (
				11AC444C24209D6800421DC3 /* Debug */,
				11AC444D24209D6800421DC3 /* Release */,
			);
			defaultConfigurationIsVisible = 0;
			defaultConfigurationName = Release;
		};
		11AC444E24209D6800421DC3 /* Build configuration list for PBXNativeTarget "JMMapUITests" */ = {
			isa = XCConfigurationList;
			buildConfigurations = (
				11AC444F24209D6800421DC3 /* Debug */,
				11AC445024209D6800421DC3 /* Release */,
			);
			defaultConfigurationIsVisible = 0;
			defaultConfigurationName = Release;
		};
/* End XCConfigurationList section */

/* Begin XCVersionGroup section */
		11AC442524209D6500421DC3 /* JMMap.xcdatamodeld */ = {
			isa = XCVersionGroup;
			children = (
				11AC442624209D6500421DC3 /* JMMap.xcdatamodel */,
			);
			currentVersion = 11AC442624209D6500421DC3 /* JMMap.xcdatamodel */;
			path = JMMap.xcdatamodeld;
			sourceTree = "<group>";
			versionGroupType = wrapper.xcdatamodel;
		};
/* End XCVersionGroup section */
	};
	rootObject = 11AC440E24209D6500421DC3 /* Project object */;
}
